// !$*UTF8*$!
{
	archiveVersion = 1;
	classes = {
	};
	objectVersion = 46;
	objects = {

/* Begin PBXBuildFile section */
		29B36F5D1AE3735300166CB0 /* main.m in Sources */ = {isa = PBXBuildFile; fileRef = 29B36F5C1AE3735300166CB0 /* main.m */; };
		29B36F601AE3735300166CB0 /* AppDelegate.m in Sources */ = {isa = PBXBuildFile; fileRef = 29B36F5F1AE3735300166CB0 /* AppDelegate.m */; };
		29B36F631AE3735300166CB0 /* ViewController.m in Sources */ = {isa = PBXBuildFile; fileRef = 29B36F621AE3735300166CB0 /* ViewController.m */; };
		29B36F661AE3735300166CB0 /* Main.storyboard in Resources */ = {isa = PBXBuildFile; fileRef = 29B36F641AE3735300166CB0 /* Main.storyboard */; };
		29B36F681AE3735300166CB0 /* Images.xcassets in Resources */ = {isa = PBXBuildFile; fileRef = 29B36F671AE3735300166CB0 /* Images.xcassets */; };
		29B36F6B1AE3735300166CB0 /* LaunchScreen.xib in Resources */ = {isa = PBXBuildFile; fileRef = 29B36F691AE3735300166CB0 /* LaunchScreen.xib */; };
		29B36F771AE3735300166CB0 /* music_tableviewTests.m in Sources */ = {isa = PBXBuildFile; fileRef = 29B36F761AE3735300166CB0 /* music_tableviewTests.m */; };
		29B36F9B1AE425ED00166CB0 /* MusicTableViewController.m in Sources */ = {isa = PBXBuildFile; fileRef = 29B36F9A1AE425ED00166CB0 /* MusicTableViewController.m */; };
/* End PBXBuildFile section */

/* Begin PBXContainerItemProxy section */
		29B36F711AE3735300166CB0 /* PBXContainerItemProxy */ = {
			isa = PBXContainerItemProxy;
			containerPortal = 29B36F4F1AE3735200166CB0 /* Project object */;
			proxyType = 1;
			remoteGlobalIDString = 29B36F561AE3735300166CB0;
			remoteInfo = "music-tableview";
		};
/* End PBXContainerItemProxy section */

/* Begin PBXFileReference section */
		29B36F571AE3735300166CB0 /* music-tableview.app */ = {isa = PBXFileReference; explicitFileType = wrapper.application; includeInIndex = 0; path = "music-tableview.app"; sourceTree = BUILT_PRODUCTS_DIR; };
		29B36F5B1AE3735300166CB0 /* Info.plist */ = {isa = PBXFileReference; lastKnownFileType = text.plist.xml; path = Info.plist; sourceTree = "<group>"; };
		29B36F5C1AE3735300166CB0 /* main.m */ = {isa = PBXFileReference; lastKnownFileType = sourcecode.c.objc; path = main.m; sourceTree = "<group>"; };
		29B36F5E1AE3735300166CB0 /* AppDelegate.h */ = {isa = PBXFileReference; lastKnownFileType = sourcecode.c.h; path = AppDelegate.h; sourceTree = "<group>"; };
		29B36F5F1AE3735300166CB0 /* AppDelegate.m */ = {isa = PBXFileReference; lastKnownFileType = sourcecode.c.objc; path = AppDelegate.m; sourceTree = "<group>"; };
		29B36F611AE3735300166CB0 /* ViewController.h */ = {isa = PBXFileReference; lastKnownFileType = sourcecode.c.h; path = ViewController.h; sourceTree = "<group>"; };
		29B36F621AE3735300166CB0 /* ViewController.m */ = {isa = PBXFileReference; lastKnownFileType = sourcecode.c.objc; path = ViewController.m; sourceTree = "<group>"; };
		29B36F651AE3735300166CB0 /* Base */ = {isa = PBXFileReference; lastKnownFileType = file.storyboard; name = Base; path = Base.lproj/Main.storyboard; sourceTree = "<group>"; };
		29B36F671AE3735300166CB0 /* Images.xcassets */ = {isa = PBXFileReference; lastKnownFileType = folder.assetcatalog; path = Images.xcassets; sourceTree = "<group>"; };
		29B36F6A1AE3735300166CB0 /* Base */ = {isa = PBXFileReference; lastKnownFileType = file.xib; name = Base; path = Base.lproj/LaunchScreen.xib; sourceTree = "<group>"; };
		29B36F701AE3735300166CB0 /* music-tableviewTests.xctest */ = {isa = PBXFileReference; explicitFileType = wrapper.cfbundle; includeInIndex = 0; path = "music-tableviewTests.xctest"; sourceTree = BUILT_PRODUCTS_DIR; };
		29B36F751AE3735300166CB0 /* Info.plist */ = {isa = PBXFileReference; lastKnownFileType = text.plist.xml; path = Info.plist; sourceTree = "<group>"; };
		29B36F761AE3735300166CB0 /* music_tableviewTests.m */ = {isa = PBXFileReference; lastKnownFileType = sourcecode.c.objc; path = music_tableviewTests.m; sourceTree = "<group>"; };
		29B36F991AE425ED00166CB0 /* MusicTableViewController.h */ = {isa = PBXFileReference; fileEncoding = 4; lastKnownFileType = sourcecode.c.h; path = MusicTableViewController.h; sourceTree = "<group>"; };
		29B36F9A1AE425ED00166CB0 /* MusicTableViewController.m */ = {isa = PBXFileReference; fileEncoding = 4; lastKnownFileType = sourcecode.c.objc; path = MusicTableViewController.m; sourceTree = "<group>"; };
/* End PBXFileReference section */

/* Begin PBXFrameworksBuildPhase section */
		29B36F541AE3735300166CB0 /* Frameworks */ = {
			isa = PBXFrameworksBuildPhase;
			buildActionMask = 2147483647;
			files = (
			);
			runOnlyForDeploymentPostprocessing = 0;
		};
		29B36F6D1AE3735300166CB0 /* Frameworks */ = {
			isa = PBXFrameworksBuildPhase;
			buildActionMask = 2147483647;
			files = (
			);
			runOnlyForDeploymentPostprocessing = 0;
		};
/* End PBXFrameworksBuildPhase section */

/* Begin PBXGroup section */
		29B36F4E1AE3735200166CB0 = {
			isa = PBXGroup;
			children = (
				29B36F591AE3735300166CB0 /* music-tableview */,
				29B36F731AE3735300166CB0 /* music-tableviewTests */,
				29B36F581AE3735300166CB0 /* Products */,
			);
			sourceTree = "<group>";
		};
		29B36F581AE3735300166CB0 /* Products */ = {
			isa = PBXGroup;
			children = (
				29B36F571AE3735300166CB0 /* music-tableview.app */,
				29B36F701AE3735300166CB0 /* music-tableviewTests.xctest */,
			);
			name = Products;
			sourceTree = "<group>";
		};
		29B36F591AE3735300166CB0 /* music-tableview */ = {
			isa = PBXGroup;
			children = (
				29B36F991AE425ED00166CB0 /* MusicTableViewController.h */,
				29B36F9A1AE425ED00166CB0 /* MusicTableViewController.m */,
				29B36F5E1AE3735300166CB0 /* AppDelegate.h */,
				29B36F5F1AE3735300166CB0 /* AppDelegate.m */,
				29B36F611AE3735300166CB0 /* ViewController.h */,
				29B36F621AE3735300166CB0 /* ViewController.m */,
				29B36F641AE3735300166CB0 /* Main.storyboard */,
				29B36F671AE3735300166CB0 /* Images.xcassets */,
				29B36F691AE3735300166CB0 /* LaunchScreen.xib */,
				29B36F5A1AE3735300166CB0 /* Supporting Files */,
			);
			path = "music-tableview";
			sourceTree = "<group>";
		};
		29B36F5A1AE3735300166CB0 /* Supporting Files */ = {
			isa = PBXGroup;
			children = (
				29B36F5B1AE3735300166CB0 /* Info.plist */,
				29B36F5C1AE3735300166CB0 /* main.m */,
			);
			name = "Supporting Files";
			sourceTree = "<group>";
		};
		29B36F731AE3735300166CB0 /* music-tableviewTests */ = {
			isa = PBXGroup;
			children = (
				29B36F761AE3735300166CB0 /* music_tableviewTests.m */,
				29B36F741AE3735300166CB0 /* Supporting Files */,
			);
			path = "music-tableviewTests";
			sourceTree = "<group>";
		};
		29B36F741AE3735300166CB0 /* Supporting Files */ = {
			isa = PBXGroup;
			children = (
				29B36F751AE3735300166CB0 /* Info.plist */,
			);
			name = "Supporting Files";
			sourceTree = "<group>";
		};
/* End PBXGroup section */

/* Begin PBXNativeTarget section */
		29B36F561AE3735300166CB0 /* music-tableview */ = {
			isa = PBXNativeTarget;
			buildConfigurationList = 29B36F7A1AE3735300166CB0 /* Build configuration list for PBXNativeTarget "music-tableview" */;
			buildPhases = (
				29B36F531AE3735300166CB0 /* Sources */,
				29B36F541AE3735300166CB0 /* Frameworks */,
				29B36F551AE3735300166CB0 /* Resources */,
			);
			buildRules = (
			);
			dependencies = (
			);
			name = "music-tableview";
			productName = "music-tableview";
			productReference = 29B36F571AE3735300166CB0 /* music-tableview.app */;
			productType = "com.apple.product-type.application";
		};
		29B36F6F1AE3735300166CB0 /* music-tableviewTests */ = {
			isa = PBXNativeTarget;
			buildConfigurationList = 29B36F7D1AE3735300166CB0 /* Build configuration list for PBXNativeTarget "music-tableviewTests" */;
			buildPhases = (
				29B36F6C1AE3735300166CB0 /* Sources */,
				29B36F6D1AE3735300166CB0 /* Frameworks */,
				29B36F6E1AE3735300166CB0 /* Resources */,
			);
			buildRules = (
			);
			dependencies = (
				29B36F721AE3735300166CB0 /* PBXTargetDependency */,
			);
			name = "music-tableviewTests";
			productName = "music-tableviewTests";
			productReference = 29B36F701AE3735300166CB0 /* music-tableviewTests.xctest */;
			productType = "com.apple.product-type.bundle.unit-test";
		};
/* End PBXNativeTarget section */

/* Begin PBXProject section */
		29B36F4F1AE3735200166CB0 /* Project object */ = {
			isa = PBXProject;
			attributes = {
				LastUpgradeCheck = 0610;
				ORGANIZATIONNAME = "Darlene Wong";
				TargetAttributes = {
					29B36F561AE3735300166CB0 = {
						CreatedOnToolsVersion = 6.1.1;
					};
					29B36F6F1AE3735300166CB0 = {
						CreatedOnToolsVersion = 6.1.1;
						TestTargetID = 29B36F561AE3735300166CB0;
					};
				};
			};
			buildConfigurationList = 29B36F521AE3735300166CB0 /* Build configuration list for PBXProject "music-tableview" */;
			compatibilityVersion = "Xcode 3.2";
			developmentRegion = English;
			hasScannedForEncodings = 0;
			knownRegions = (
				en,
				Base,
			);
			mainGroup = 29B36F4E1AE3735200166CB0;
			productRefGroup = 29B36F581AE3735300166CB0 /* Products */;
			projectDirPath = "";
			projectRoot = "";
			targets = (
				29B36F561AE3735300166CB0 /* music-tableview */,
				29B36F6F1AE3735300166CB0 /* music-tableviewTests */,
			);
		};
/* End PBXProject section */

/* Begin PBXResourcesBuildPhase section */
		29B36F551AE3735300166CB0 /* Resources */ = {
			isa = PBXResourcesBuildPhase;
			buildActionMask = 2147483647;
			files = (
				29B36F661AE3735300166CB0 /* Main.storyboard in Resources */,
				29B36F6B1AE3735300166CB0 /* LaunchScreen.xib in Resources */,
				29B36F681AE3735300166CB0 /* Images.xcassets in Resources */,
			);
			runOnlyForDeploymentPostprocessing = 0;
		};
		29B36F6E1AE3735300166CB0 /* Resources */ = {
			isa = PBXResourcesBuildPhase;
			buildActionMask = 2147483647;
			files = (
			);
			runOnlyForDeploymentPostprocessing = 0;
		};
/* End PBXResourcesBuildPhase section */

/* Begin PBXSourcesBuildPhase section */
		29B36F531AE3735300166CB0 /* Sources */ = {
			isa = PBXSourcesBuildPhase;
			buildActionMask = 2147483647;
			files = (
				29B36F631AE3735300166CB0 /* ViewController.m in Sources */,
				29B36F9B1AE425ED00166CB0 /* MusicTableViewController.m in Sources */,
				29B36F601AE3735300166CB0 /* AppDelegate.m in Sources */,
				29B36F5D1AE3735300166CB0 /* main.m in Sources */,
			);
			runOnlyForDeploymentPostprocessing = 0;
		};
		29B36F6C1AE3735300166CB0 /* Sources */ = {
			isa = PBXSourcesBuildPhase;
			buildActionMask = 2147483647;
			files = (
				29B36F771AE3735300166CB0 /* music_tableviewTests.m in Sources */,
			);
			runOnlyForDeploymentPostprocessing = 0;
		};
/* End PBXSourcesBuildPhase section */

/* Begin PBXTargetDependency section */
		29B36F721AE3735300166CB0 /* PBXTargetDependency */ = {
			isa = PBXTargetDependency;
			target = 29B36F561AE3735300166CB0 /* music-tableview */;
			targetProxy = 29B36F711AE3735300166CB0 /* PBXContainerItemProxy */;
		};
/* End PBXTargetDependency section */

/* Begin PBXVariantGroup section */
		29B36F641AE3735300166CB0 /* Main.storyboard */ = {
			isa = PBXVariantGroup;
			children = (
				29B36F651AE3735300166CB0 /* Base */,
			);
			name = Main.storyboard;
			sourceTree = "<group>";
		};
		29B36F691AE3735300166CB0 /* LaunchScreen.xib */ = {
			isa = PBXVariantGroup;
			children = (
				29B36F6A1AE3735300166CB0 /* Base */,
			);
			name = LaunchScreen.xib;
			sourceTree = "<group>";
		};
/* End PBXVariantGroup section */

/* Begin XCBuildConfiguration section */
		29B36F781AE3735300166CB0 /* Debug */ = {
			isa = XCBuildConfiguration;
			buildSettings = {
				ALWAYS_SEARCH_USER_PATHS = NO;
				CLANG_CXX_LANGUAGE_STANDARD = "gnu++0x";
				CLANG_CXX_LIBRARY = "libc++";
				CLANG_ENABLE_MODULES = YES;
				CLANG_ENABLE_OBJC_ARC = YES;
				CLANG_WARN_BOOL_CONVERSION = YES;
				CLANG_WARN_CONSTANT_CONVERSION = YES;
				CLANG_WARN_DIRECT_OBJC_ISA_USAGE = YES_ERROR;
				CLANG_WARN_EMPTY_BODY = YES;
				CLANG_WARN_ENUM_CONVERSION = YES;
				CLANG_WARN_INT_CONVERSION = YES;
				CLANG_WARN_OBJC_ROOT_CLASS = YES_ERROR;
				CLANG_WARN_UNREACHABLE_CODE = YES;
				CLANG_WARN__DUPLICATE_METHOD_MATCH = YES;
				"CODE_SIGN_IDENTITY[sdk=iphoneos*]" = "iPhone Developer";
				COPY_PHASE_STRIP = NO;
				ENABLE_STRICT_OBJC_MSGSEND = YES;
				GCC_C_LANGUAGE_STANDARD = gnu99;
				GCC_DYNAMIC_NO_PIC = NO;
				GCC_OPTIMIZATION_LEVEL = 0;
				GCC_PREPROCESSOR_DEFINITIONS = (
					"DEBUG=1",
					"$(inherited)",
				);
				GCC_SYMBOLS_PRIVATE_EXTERN = NO;
				GCC_WARN_64_TO_32_BIT_CONVERSION = YES;
				GCC_WARN_ABOUT_RETURN_TYPE = YES_ERROR;
				GCC_WARN_UNDECLARED_SELECTOR = YES;
				GCC_WARN_UNINITIALIZED_AUTOS = YES_AGGRESSIVE;
				GCC_WARN_UNUSED_FUNCTION = YES;
				GCC_WARN_UNUSED_VARIABLE = YES;
				IPHONEOS_DEPLOYMENT_TARGET = 8.1;
				MTL_ENABLE_DEBUG_INFO = YES;
				ONLY_ACTIVE_ARCH = YES;
				SDKROOT = iphoneos;
				TARGETED_DEVICE_FAMILY = "1,2";
			};
			name = Debug;
		};
		29B36F791AE3735300166CB0 /* Release */ = {
			isa = XCBuildConfiguration;
			buildSettings = {
				ALWAYS_SEARCH_USER_PATHS = NO;
				CLANG_CXX_LANGUAGE_STANDARD = "gnu++0x";
				CLANG_CXX_LIBRARY = "libc++";
				CLANG_ENABLE_MODULES = YES;
				CLANG_ENABLE_OBJC_ARC = YES;
				CLANG_WARN_BOOL_CONVERSION = YES;
				CLANG_WARN_CONSTANT_CONVERSION = YES;
				CLANG_WARN_DIRECT_OBJC_ISA_USAGE = YES_ERROR;
				CLANG_WARN_EMPTY_BODY = YES;
				CLANG_WARN_ENUM_CONVERSION = YES;
				CLANG_WARN_INT_CONVERSION = YES;
				CLANG_WARN_OBJC_ROOT_CLASS = YES_ERROR;
				CLANG_WARN_UNREACHABLE_CODE = YES;
				CLANG_WARN__DUPLICATE_METHOD_MATCH = YES;
				"CODE_SIGN_IDENTITY[sdk=iphoneos*]" = "iPhone Developer";
				COPY_PHASE_STRIP = YES;
				ENABLE_NS_ASSERTIONS = NO;
				ENABLE_STRICT_OBJC_MSGSEND = YES;
				GCC_C_LANGUAGE_STANDARD = gnu99;
				GCC_WARN_64_TO_32_BIT_CONVERSION = YES;
				GCC_WARN_ABOUT_RETURN_TYPE = YES_ERROR;
				GCC_WARN_UNDECLARED_SELECTOR = YES;
				GCC_WARN_UNINITIALIZED_AUTOS = YES_AGGRESSIVE;
				GCC_WARN_UNUSED_FUNCTION = YES;
				GCC_WARN_UNUSED_VARIABLE = YES;
				IPHONEOS_DEPLOYMENT_TARGET = 8.1;
				MTL_ENABLE_DEBUG_INFO = NO;
				SDKROOT = iphoneos;
				TARGETED_DEVICE_FAMILY = "1,2";
				VALIDATE_PRODUCT = YES;
			};
			name = Release;
		};
		29B36F7B1AE3735300166CB0 /* Debug */ = {
			isa = XCBuildConfiguration;
			buildSettings = {
				ASSETCATALOG_COMPILER_APPICON_NAME = AppIcon;
				INFOPLIST_FILE = "music-tableview/Info.plist";
				LD_RUNPATH_SEARCH_PATHS = "$(inherited) @executable_path/Frameworks";
				PRODUCT_NAME = "$(TARGET_NAME)";
			};
			name = Debug;
		};
		29B36F7C1AE3735300166CB0 /* Release */ = {
			isa = XCBuildConfiguration;
			buildSettings = {
				ASSETCATALOG_COMPILER_APPICON_NAME = AppIcon;
				INFOPLIST_FILE = "music-tableview/Info.plist";
				LD_RUNPATH_SEARCH_PATHS = "$(inherited) @executable_path/Frameworks";
				PRODUCT_NAME = "$(TARGET_NAME)";
			};
			name = Release;
		};
		29B36F7E1AE3735300166CB0 /* Debug */ = {
			isa = XCBuildConfiguration;
			buildSettings = {
				BUNDLE_LOADER = "$(TEST_HOST)";
				FRAMEWORK_SEARCH_PATHS = (
					"$(SDKROOT)/Developer/Library/Frameworks",
					"$(inherited)",
				);
				GCC_PREPROCESSOR_DEFINITIONS = (
					"DEBUG=1",
					"$(inherited)",
				);
				INFOPLIST_FILE = "music-tableviewTests/Info.plist";
				LD_RUNPATH_SEARCH_PATHS = "$(inherited) @executable_path/Frameworks @loader_path/Frameworks";
				PRODUCT_NAME = "$(TARGET_NAME)";
				TEST_HOST = "$(BUILT_PRODUCTS_DIR)/music-tableview.app/music-tableview";
			};
			name = Debug;
		};
		29B36F7F1AE3735300166CB0 /* Release */ = {
			isa = XCBuildConfiguration;
			buildSettings = {
				BUNDLE_LOADER = "$(TEST_HOST)";
				FRAMEWORK_SEARCH_PATHS = (
					"$(SDKROOT)/Developer/Library/Frameworks",
					"$(inherited)",
				);
				INFOPLIST_FILE = "music-tableviewTests/Info.plist";
				LD_RUNPATH_SEARCH_PATHS = "$(inherited) @executable_path/Frameworks @loader_path/Frameworks";
				PRODUCT_NAME = "$(TARGET_NAME)";
				TEST_HOST = "$(BUILT_PRODUCTS_DIR)/music-tableview.app/music-tableview";
			};
			name = Release;
		};
/* End XCBuildConfiguration section */

/* Begin XCConfigurationList section */
		29B36F521AE3735300166CB0 /* Build configuration list for PBXProject "music-tableview" */ = {
			isa = XCConfigurationList;
			buildConfigurations = (
				29B36F781AE3735300166CB0 /* Debug */,
				29B36F791AE3735300166CB0 /* Release */,
			);
			defaultConfigurationIsVisible = 0;
			defaultConfigurationName = Release;
		};
		29B36F7A1AE3735300166CB0 /* Build configuration list for PBXNativeTarget "music-tableview" */ = {
			isa = XCConfigurationList;
			buildConfigurations = (
				29B36F7B1AE3735300166CB0 /* Debug */,
				29B36F7C1AE3735300166CB0 /* Release */,
			);
			defaultConfigurationIsVisible = 0;
		};
		29B36F7D1AE3735300166CB0 /* Build configuration list for PBXNativeTarget "music-tableviewTests" */ = {
			isa = XCConfigurationList;
			buildConfigurations = (
				29B36F7E1AE3735300166CB0 /* Debug */,
				29B36F7F1AE3735300166CB0 /* Release */,
			);
			defaultConfigurationIsVisible = 0;
		};
/* End XCConfigurationList section */
	};
	rootObject = 29B36F4F1AE3735200166CB0 /* Project object */;
}
